
Microsoft Visual Studio Solution File, Format Version 12.00
# Visual Studio Version 17
VisualStudioVersion = 17.2.32526.322
MinimumVisualStudioVersion = 10.0.40219.1
Project("{9A19103F-16F7-4668-BE54-9A1E7A4F7556}") = "Debenture.API", "Debenture.API\Debenture.API.csproj", "{6A774C85-6768-44B1-9DCD-374450313247}"
EndProject
Project("{FAE04EC0-301F-11D3-BF4B-00C04F79EFBC}") = "Debenture.BLL", "Debenture.BLL\Debenture.BLL.csproj", "{611E2C62-18FC-4304-8C62-2D09194CED3A}"
EndProject
Project("{FAE04EC0-301F-11D3-BF4B-00C04F79EFBC}") = "Debenture.DAL", "Debenture.DAL\Debenture.DAL.csproj", "{2CBAE50E-1951-4BD6-A191-76B56D96C4A4}"
EndProject
Project("{FAE04EC0-301F-11D3-BF4B-00C04F79EFBC}") = "Debenture.Model", "Debenture.Model\Debenture.Model.csproj", "{93BA5693-5767-49C5-A207-BC762DA1C4C1}"
EndProject
Global
	GlobalSection(SolutionConfigurationPlatforms) = preSolution
		Debug|Any CPU = Debug|Any CPU
		Release|Any CPU = Release|Any CPU
	EndGlobalSection
	GlobalSection(ProjectConfigurationPlatforms) = postSolution
		{6A774C85-6768-44B1-9DCD-374450313247}.Debug|Any CPU.ActiveCfg = Debug|Any CPU
		{6A774C85-6768-44B1-9DCD-374450313247}.Debug|Any CPU.Build.0 = Debug|Any CPU
		{6A774C85-6768-44B1-9DCD-374450313247}.Release|Any CPU.ActiveCfg = Release|Any CPU
		{6A774C85-6768-44B1-9DCD-374450313247}.Release|Any CPU.Build.0 = Release|Any CPU
		{611E2C62-18FC-4304-8C62-2D09194CED3A}.Debug|Any CPU.ActiveCfg = Debug|Any CPU
		{611E2C62-18FC-4304-8C62-2D09194CED3A}.Debug|Any CPU.Build.0 = Debug|Any CPU
		{611E2C62-18FC-4304-8C62-2D09194CED3A}.Release|Any CPU.ActiveCfg = Release|Any CPU
		{611E2C62-18FC-4304-8C62-2D09194CED3A}.Release|Any CPU.Build.0 = Release|Any CPU
		{2CBAE50E-1951-4BD6-A191-76B56D96C4A4}.Debug|Any CPU.ActiveCfg = Debug|Any CPU
		{2CBAE50E-1951-4BD6-A191-76B56D96C4A4}.Debug|Any CPU.Build.0 = Debug|Any CPU
		{2CBAE50E-1951-4BD6-A191-76B56D96C4A4}.Release|Any CPU.ActiveCfg = Release|Any CPU
		{2CBAE50E-1951-4BD6-A191-76B56D96C4A4}.Release|Any CPU.Build.0 = Release|Any CPU
		{93BA5693-5767-49C5-A207-BC762DA1C4C1}.Debug|Any CPU.ActiveCfg = Debug|Any CPU
		{93BA5693-5767-49C5-A207-BC762DA1C4C1}.Debug|Any CPU.Build.0 = Debug|Any CPU
		{93BA5693-5767-49C5-A207-BC762DA1C4C1}.Release|Any CPU.ActiveCfg = Release|Any CPU
		{93BA5693-5767-49C5-A207-BC762DA1C4C1}.Release|Any CPU.Build.0 = Release|Any CPU
	EndGlobalSection
	GlobalSection(SolutionProperties) = preSolution
		HideSolutionNode = FALSE
	EndGlobalSection
	GlobalSection(ExtensibilityGlobals) = postSolution
		SolutionGuid = {A86932FE-9519-4951-8E80-ABB95AFEBE3C}
	EndGlobalSection
EndGlobal
